
Microsoft Visual Studio Solution File, Format Version 12.00
# Visual Studio Version 16
VisualStudioVersion = 16.0.31515.178
MinimumVisualStudioVersion = 10.0.40219.1
Project("{FAE04EC0-301F-11D3-BF4B-00C04F79EFBC}") = "Toy.UniqueClient.ConsoleApp", "Toy.UniqueClient.Console\Toy.UniqueClient.ConsoleApp.csproj", "{CC9FBCCE-7D89-489D-BA7B-01EAC2C307FD}"
EndProject
Global
	GlobalSection(SolutionConfigurationPlatforms) = preSolution
		Debug|Any CPU = Debug|Any CPU
		Release|Any CPU = Release|Any CPU
	EndGlobalSection
	GlobalSection(ProjectConfigurationPlatforms) = postSolution
		{CC9FBCCE-7D89-489D-BA7B-01EAC2C307FD}.Debug|Any CPU.ActiveCfg = Debug|Any CPU
		{CC9FBCCE-7D89-489D-BA7B-01EAC2C307FD}.Debug|Any CPU.Build.0 = Debug|Any CPU
		{CC9FBCCE-7D89-489D-BA7B-01EAC2C307FD}.Release|Any CPU.ActiveCfg = Release|Any CPU
		{CC9FBCCE-7D89-489D-BA7B-01EAC2C307FD}.Release|Any CPU.Build.0 = Release|Any CPU
	EndGlobalSection
	GlobalSection(SolutionProperties) = preSolution
		HideSolutionNode = FALSE
	EndGlobalSection
	GlobalSection(ExtensibilityGlobals) = postSolution
		SolutionGuid = {45F9F2C3-4BB5-45E6-9420-2B0963F5940B}
	EndGlobalSection
EndGlobal
